// !$*UTF8*$!
{
	archiveVersion = 1;
	classes = {
	};
	objectVersion = 46;
	objects = {

/* Begin PBXBuildFile section */
		581CE3A21D0A6C31005417A4 /* main.c in Sources */ = {isa = PBXBuildFile; fileRef = 581CE3A11D0A6C31005417A4 /* main.c */; };
		581CE3AA1D0A6C42005417A4 /* cs50.c in Sources */ = {isa = PBXBuildFile; fileRef = 581CE3A91D0A6C42005417A4 /* cs50.c */; };
/* End PBXBuildFile section */

/* Begin PBXCopyFilesBuildPhase section */
		581CE39C1D0A6C31005417A4 /* CopyFiles */ = {
			isa = PBXCopyFilesBuildPhase;
			buildActionMask = 2147483647;
			dstPath = /usr/share/man/man1/;
			dstSubfolderSpec = 0;
			files = (
			);
			runOnlyForDeploymentPostprocessing = 1;
		};
/* End PBXCopyFilesBuildPhase section */

/* Begin PBXFileReference section */
		581CE39E1D0A6C31005417A4 /* CS50NameToInitialWithInclude */ = {isa = PBXFileReference; explicitFileType = "compiled.mach-o.executable"; includeInIndex = 0; path = CS50NameToInitialWithInclude; sourceTree = BUILT_PRODUCTS_DIR; };
		581CE3A11D0A6C31005417A4 /* main.c */ = {isa = PBXFileReference; lastKnownFileType = sourcecode.c.c; path = main.c; sourceTree = "<group>"; };
		581CE3A81D0A6C42005417A4 /* cs50.h */ = {isa = PBXFileReference; fileEncoding = 4; lastKnownFileType = sourcecode.c.h; name = cs50.h; path = ../cs50.h; sourceTree = "<group>"; };
		581CE3A91D0A6C42005417A4 /* cs50.c */ = {isa = PBXFileReference; fileEncoding = 4; lastKnownFileType = sourcecode.c.c; name = cs50.c; path = ../cs50.c; sourceTree = "<group>"; };
/* End PBXFileReference section */

/* Begin PBXFrameworksBuildPhase section */
		581CE39B1D0A6C31005417A4 /* Frameworks */ = {
			isa = PBXFrameworksBuildPhase;
			buildActionMask = 2147483647;
			files = (
			);
			runOnlyForDeploymentPostprocessing = 0;
		};
/* End PBXFrameworksBuildPhase section */

/* Begin PBXGroup section */
		581CE3951D0A6C31005417A4 = {
			isa = PBXGroup;
			children = (
				581CE3A01D0A6C31005417A4 /* CS50NameToInitialWithInclude */,
				581CE39F1D0A6C31005417A4 /* Products */,
			);
			sourceTree = "<group>";
		};
		581CE39F1D0A6C31005417A4 /* Products */ = {
			isa = PBXGroup;
			children = (
				581CE39E1D0A6C31005417A4 /* CS50NameToInitialWithInclude */,
			);
			name = Products;
			sourceTree = "<group>";
		};
		581CE3A01D0A6C31005417A4 /* CS50NameToInitialWithInclude */ = {
			isa = PBXGroup;
			children = (
				581CE3A11D0A6C31005417A4 /* main.c */,
				581CE3A81D0A6C42005417A4 /* cs50.h */,
				581CE3A91D0A6C42005417A4 /* cs50.c */,
			);
			path = CS50NameToInitialWithInclude;
			sourceTree = "<group>";
		};
/* End PBXGroup section */

/* Begin PBXNativeTarget section */
		581CE39D1D0A6C31005417A4 /* CS50NameToInitialWithInclude */ = {
			isa = PBXNativeTarget;
			buildConfigurationList = 581CE3A51D0A6C31005417A4 /* Build configuration list for PBXNativeTarget "CS50NameToInitialWithInclude" */;
			buildPhases = (
				581CE39A1D0A6C31005417A4 /* Sources */,
				581CE39B1D0A6C31005417A4 /* Frameworks */,
				581CE39C1D0A6C31005417A4 /* CopyFiles */,
			);
			buildRules = (
			);
			dependencies = (
			);
			name = CS50NameToInitialWithInclude;
			productName = CS50NameToInitialWithInclude;
			productReference = 581CE39E1D0A6C31005417A4 /* CS50NameToInitialWithInclude */;
			productType = "com.apple.product-type.tool";
		};
/* End PBXNativeTarget section */

/* Begin PBXProject section */
		581CE3961D0A6C31005417A4 /* Project object */ = {
			isa = PBXProject;
			attributes = {
				LastUpgradeCheck = 0730;
				ORGANIZATIONNAME = "James Dylan Goldstein";
				TargetAttributes = {
					581CE39D1D0A6C31005417A4 = {
						CreatedOnToolsVersion = 7.3.1;
					};
				};
			};
			buildConfigurationList = 581CE3991D0A6C31005417A4 /* Build configuration list for PBXProject "CS50NameToInitialWithInclude" */;
			compatibilityVersion = "Xcode 3.2";
			developmentRegion = English;
			hasScannedForEncodings = 0;
			knownRegions = (
				en,
			);
			mainGroup = 581CE3951D0A6C31005417A4;
			productRefGroup = 581CE39F1D0A6C31005417A4 /* Products */;
			projectDirPath = "";
			projectRoot = "";
			targets = (
				581CE39D1D0A6C31005417A4 /* CS50NameToInitialWithInclude */,
			);
		};
/* End PBXProject section */

/* Begin PBXSourcesBuildPhase section */
		581CE39A1D0A6C31005417A4 /* Sources */ = {
			isa = PBXSourcesBuildPhase;
			buildActionMask = 2147483647;
			files = (
				581CE3AA1D0A6C42005417A4 /* cs50.c in Sources */,
				581CE3A21D0A6C31005417A4 /* main.c in Sources */,
			);
			runOnlyForDeploymentPostprocessing = 0;
		};
/* End PBXSourcesBuildPhase section */

/* Begin XCBuildConfiguration section */
		581CE3A31D0A6C31005417A4 /* Debug */ = {
			isa = XCBuildConfiguration;
			buildSettings = {
				ALWAYS_SEARCH_USER_PATHS = NO;
				CLANG_ANALYZER_NONNULL = YES;
				CLANG_CXX_LANGUAGE_STANDARD = "gnu++0x";
				CLANG_CXX_LIBRARY = "libc++";
				CLANG_ENABLE_MODULES = YES;
				CLANG_ENABLE_OBJC_ARC = YES;
				CLANG_WARN_BOOL_CONVERSION = YES;
				CLANG_WARN_CONSTANT_CONVERSION = YES;
				CLANG_WARN_DIRECT_OBJC_ISA_USAGE = YES_ERROR;
				CLANG_WARN_EMPTY_BODY = YES;
				CLANG_WARN_ENUM_CONVERSION = YES;
				CLANG_WARN_INT_CONVERSION = YES;
				CLANG_WARN_OBJC_ROOT_CLASS = YES_ERROR;
				CLANG_WARN_UNREACHABLE_CODE = YES;
				CLANG_WARN__DUPLICATE_METHOD_MATCH = YES;
				CODE_SIGN_IDENTITY = "-";
				COPY_PHASE_STRIP = NO;
				DEBUG_INFORMATION_FORMAT = dwarf;
				ENABLE_STRICT_OBJC_MSGSEND = YES;
				ENABLE_TESTABILITY = YES;
				GCC_C_LANGUAGE_STANDARD = gnu99;
				GCC_DYNAMIC_NO_PIC = NO;
				GCC_NO_COMMON_BLOCKS = YES;
				GCC_OPTIMIZATION_LEVEL = 0;
				GCC_PREPROCESSOR_DEFINITIONS = (
					"DEBUG=1",
					"$(inherited)",
				);
				GCC_WARN_64_TO_32_BIT_CONVERSION = YES;
				GCC_WARN_ABOUT_RETURN_TYPE = YES_ERROR;
				GCC_WARN_UNDECLARED_SELECTOR = YES;
				GCC_WARN_UNINITIALIZED_AUTOS = YES_AGGRESSIVE;
				GCC_WARN_UNUSED_FUNCTION = YES;
				GCC_WARN_UNUSED_VARIABLE = YES;
				MACOSX_DEPLOYMENT_TARGET = 10.11;
				MTL_ENABLE_DEBUG_INFO = YES;
				ONLY_ACTIVE_ARCH = YES;
				SDKROOT = macosx;
			};
			name = Debug;
		};
		581CE3A41D0A6C31005417A4 /* Release */ = {
			isa = XCBuildConfiguration;
			buildSettings = {
				ALWAYS_SEARCH_USER_PATHS = NO;
				CLANG_ANALYZER_NONNULL = YES;
				CLANG_CXX_LANGUAGE_STANDARD = "gnu++0x";
				CLANG_CXX_LIBRARY = "libc++";
				CLANG_ENABLE_MODULES = YES;
				CLANG_ENABLE_OBJC_ARC = YES;
				CLANG_WARN_BOOL_CONVERSION = YES;
				CLANG_WARN_CONSTANT_CONVERSION = YES;
				CLANG_WARN_DIRECT_OBJC_ISA_USAGE = YES_ERROR;
				CLANG_WARN_EMPTY_BODY = YES;
				CLANG_WARN_ENUM_CONVERSION = YES;
				CLANG_WARN_INT_CONVERSION = YES;
				CLANG_WARN_OBJC_ROOT_CLASS = YES_ERROR;
				CLANG_WARN_UNREACHABLE_CODE = YES;
				CLANG_WARN__DUPLICATE_METHOD_MATCH = YES;
				CODE_SIGN_IDENTITY = "-";
				COPY_PHASE_STRIP = NO;
				DEBUG_INFORMATION_FORMAT = "dwarf-with-dsym";
				ENABLE_NS_ASSERTIONS = NO;
				ENABLE_STRICT_OBJC_MSGSEND = YES;
				GCC_C_LANGUAGE_STANDARD = gnu99;
				GCC_NO_COMMON_BLOCKS = YES;
				GCC_WARN_64_TO_32_BIT_CONVERSION = YES;
				GCC_WARN_ABOUT_RETURN_TYPE = YES_ERROR;
				GCC_WARN_UNDECLARED_SELECTOR = YES;
				GCC_WARN_UNINITIALIZED_AUTOS = YES_AGGRESSIVE;
				GCC_WARN_UNUSED_FUNCTION = YES;
				GCC_WARN_UNUSED_VARIABLE = YES;
				MACOSX_DEPLOYMENT_TARGET = 10.11;
				MTL_ENABLE_DEBUG_INFO = NO;
				SDKROOT = macosx;
			};
			name = Release;
		};
		581CE3A61D0A6C31005417A4 /* Debug */ = {
			isa = XCBuildConfiguration;
			buildSettings = {
				PRODUCT_NAME = "$(TARGET_NAME)";
			};
			name = Debug;
		};
		581CE3A71D0A6C31005417A4 /* Release */ = {
			isa = XCBuildConfiguration;
			buildSettings = {
				PRODUCT_NAME = "$(TARGET_NAME)";
			};
			name = Release;
		};
/* End XCBuildConfiguration section */

/* Begin XCConfigurationList section */
		581CE3991D0A6C31005417A4 /* Build configuration list for PBXProject "CS50NameToInitialWithInclude" */ = {
			isa = XCConfigurationList;
			buildConfigurations = (
				581CE3A31D0A6C31005417A4 /* Debug */,
				581CE3A41D0A6C31005417A4 /* Release */,
			);
			defaultConfigurationIsVisible = 0;
			defaultConfigurationName = Release;
		};
		581CE3A51D0A6C31005417A4 /* Build configuration list for PBXNativeTarget "CS50NameToInitialWithInclude" */ = {
			isa = XCConfigurationList;
			buildConfigurations = (
				581CE3A61D0A6C31005417A4 /* Debug */,
				581CE3A71D0A6C31005417A4 /* Release */,
			);
			defaultConfigurationIsVisible = 0;
		};
/* End XCConfigurationList section */
	};
	rootObject = 581CE3961D0A6C31005417A4 /* Project object */;
}
