// !$*UTF8*$!
{
	archiveVersion = 1;
	classes = {
	};
	objectVersion = 46;
	objects = {

/* Begin PBXBuildFile section */
		583503991D0A895A004D1483 /* main.c in Sources */ = {isa = PBXBuildFile; fileRef = 583503981D0A895A004D1483 /* main.c */; };
		583503A11D0A896A004D1483 /* cs50.c in Sources */ = {isa = PBXBuildFile; fileRef = 583503A01D0A896A004D1483 /* cs50.c */; };
/* End PBXBuildFile section */

/* Begin PBXCopyFilesBuildPhase section */
		583503931D0A895A004D1483 /* CopyFiles */ = {
			isa = PBXCopyFilesBuildPhase;
			buildActionMask = 2147483647;
			dstPath = /usr/share/man/man1/;
			dstSubfolderSpec = 0;
			files = (
			);
			runOnlyForDeploymentPostprocessing = 1;
		};
/* End PBXCopyFilesBuildPhase section */

/* Begin PBXFileReference section */
		583503951D0A895A004D1483 /* CS50CaesarCipher */ = {isa = PBXFileReference; explicitFileType = "compiled.mach-o.executable"; includeInIndex = 0; path = CS50CaesarCipher; sourceTree = BUILT_PRODUCTS_DIR; };
		583503981D0A895A004D1483 /* main.c */ = {isa = PBXFileReference; lastKnownFileType = sourcecode.c.c; path = main.c; sourceTree = "<group>"; };
		5835039F1D0A896A004D1483 /* cs50.h */ = {isa = PBXFileReference; fileEncoding = 4; lastKnownFileType = sourcecode.c.h; path = cs50.h; sourceTree = "<group>"; };
		583503A01D0A896A004D1483 /* cs50.c */ = {isa = PBXFileReference; fileEncoding = 4; lastKnownFileType = sourcecode.c.c; path = cs50.c; sourceTree = "<group>"; };
/* End PBXFileReference section */

/* Begin PBXFrameworksBuildPhase section */
		583503921D0A895A004D1483 /* Frameworks */ = {
			isa = PBXFrameworksBuildPhase;
			buildActionMask = 2147483647;
			files = (
			);
			runOnlyForDeploymentPostprocessing = 0;
		};
/* End PBXFrameworksBuildPhase section */

/* Begin PBXGroup section */
		5835038C1D0A895A004D1483 = {
			isa = PBXGroup;
			children = (
				583503971D0A895A004D1483 /* CS50CaesarCipher */,
				583503961D0A895A004D1483 /* Products */,
			);
			sourceTree = "<group>";
		};
		583503961D0A895A004D1483 /* Products */ = {
			isa = PBXGroup;
			children = (
				583503951D0A895A004D1483 /* CS50CaesarCipher */,
			);
			name = Products;
			sourceTree = "<group>";
		};
		583503971D0A895A004D1483 /* CS50CaesarCipher */ = {
			isa = PBXGroup;
			children = (
				583503981D0A895A004D1483 /* main.c */,
				5835039F1D0A896A004D1483 /* cs50.h */,
				583503A01D0A896A004D1483 /* cs50.c */,
			);
			path = CS50CaesarCipher;
			sourceTree = "<group>";
		};
/* End PBXGroup section */

/* Begin PBXNativeTarget section */
		583503941D0A895A004D1483 /* CS50CaesarCipher */ = {
			isa = PBXNativeTarget;
			buildConfigurationList = 5835039C1D0A895A004D1483 /* Build configuration list for PBXNativeTarget "CS50CaesarCipher" */;
			buildPhases = (
				583503911D0A895A004D1483 /* Sources */,
				583503921D0A895A004D1483 /* Frameworks */,
				583503931D0A895A004D1483 /* CopyFiles */,
			);
			buildRules = (
			);
			dependencies = (
			);
			name = CS50CaesarCipher;
			productName = CS50CaesarCipher;
			productReference = 583503951D0A895A004D1483 /* CS50CaesarCipher */;
			productType = "com.apple.product-type.tool";
		};
/* End PBXNativeTarget section */

/* Begin PBXProject section */
		5835038D1D0A895A004D1483 /* Project object */ = {
			isa = PBXProject;
			attributes = {
				LastUpgradeCheck = 0730;
				ORGANIZATIONNAME = "James Dylan Goldstein";
				TargetAttributes = {
					583503941D0A895A004D1483 = {
						CreatedOnToolsVersion = 7.3.1;
					};
				};
			};
			buildConfigurationList = 583503901D0A895A004D1483 /* Build configuration list for PBXProject "CS50CaesarCipher" */;
			compatibilityVersion = "Xcode 3.2";
			developmentRegion = English;
			hasScannedForEncodings = 0;
			knownRegions = (
				en,
			);
			mainGroup = 5835038C1D0A895A004D1483;
			productRefGroup = 583503961D0A895A004D1483 /* Products */;
			projectDirPath = "";
			projectRoot = "";
			targets = (
				583503941D0A895A004D1483 /* CS50CaesarCipher */,
			);
		};
/* End PBXProject section */

/* Begin PBXSourcesBuildPhase section */
		583503911D0A895A004D1483 /* Sources */ = {
			isa = PBXSourcesBuildPhase;
			buildActionMask = 2147483647;
			files = (
				583503A11D0A896A004D1483 /* cs50.c in Sources */,
				583503991D0A895A004D1483 /* main.c in Sources */,
			);
			runOnlyForDeploymentPostprocessing = 0;
		};
/* End PBXSourcesBuildPhase section */

/* Begin XCBuildConfiguration section */
		5835039A1D0A895A004D1483 /* Debug */ = {
			isa = XCBuildConfiguration;
			buildSettings = {
				ALWAYS_SEARCH_USER_PATHS = NO;
				CLANG_ANALYZER_NONNULL = YES;
				CLANG_CXX_LANGUAGE_STANDARD = "gnu++0x";
				CLANG_CXX_LIBRARY = "libc++";
				CLANG_ENABLE_MODULES = YES;
				CLANG_ENABLE_OBJC_ARC = YES;
				CLANG_WARN_BOOL_CONVERSION = YES;
				CLANG_WARN_CONSTANT_CONVERSION = YES;
				CLANG_WARN_DIRECT_OBJC_ISA_USAGE = YES_ERROR;
				CLANG_WARN_EMPTY_BODY = YES;
				CLANG_WARN_ENUM_CONVERSION = YES;
				CLANG_WARN_INT_CONVERSION = YES;
				CLANG_WARN_OBJC_ROOT_CLASS = YES_ERROR;
				CLANG_WARN_UNREACHABLE_CODE = YES;
				CLANG_WARN__DUPLICATE_METHOD_MATCH = YES;
				CODE_SIGN_IDENTITY = "-";
				COPY_PHASE_STRIP = NO;
				DEBUG_INFORMATION_FORMAT = dwarf;
				ENABLE_STRICT_OBJC_MSGSEND = YES;
				ENABLE_TESTABILITY = YES;
				GCC_C_LANGUAGE_STANDARD = gnu99;
				GCC_DYNAMIC_NO_PIC = NO;
				GCC_NO_COMMON_BLOCKS = YES;
				GCC_OPTIMIZATION_LEVEL = 0;
				GCC_PREPROCESSOR_DEFINITIONS = (
					"DEBUG=1",
					"$(inherited)",
				);
				GCC_WARN_64_TO_32_BIT_CONVERSION = YES;
				GCC_WARN_ABOUT_RETURN_TYPE = YES_ERROR;
				GCC_WARN_UNDECLARED_SELECTOR = YES;
				GCC_WARN_UNINITIALIZED_AUTOS = YES_AGGRESSIVE;
				GCC_WARN_UNUSED_FUNCTION = YES;
				GCC_WARN_UNUSED_VARIABLE = YES;
				MACOSX_DEPLOYMENT_TARGET = 10.11;
				MTL_ENABLE_DEBUG_INFO = YES;
				ONLY_ACTIVE_ARCH = YES;
				SDKROOT = macosx;
			};
			name = Debug;
		};
		5835039B1D0A895A004D1483 /* Release */ = {
			isa = XCBuildConfiguration;
			buildSettings = {
				ALWAYS_SEARCH_USER_PATHS = NO;
				CLANG_ANALYZER_NONNULL = YES;
				CLANG_CXX_LANGUAGE_STANDARD = "gnu++0x";
				CLANG_CXX_LIBRARY = "libc++";
				CLANG_ENABLE_MODULES = YES;
				CLANG_ENABLE_OBJC_ARC = YES;
				CLANG_WARN_BOOL_CONVERSION = YES;
				CLANG_WARN_CONSTANT_CONVERSION = YES;
				CLANG_WARN_DIRECT_OBJC_ISA_USAGE = YES_ERROR;
				CLANG_WARN_EMPTY_BODY = YES;
				CLANG_WARN_ENUM_CONVERSION = YES;
				CLANG_WARN_INT_CONVERSION = YES;
				CLANG_WARN_OBJC_ROOT_CLASS = YES_ERROR;
				CLANG_WARN_UNREACHABLE_CODE = YES;
				CLANG_WARN__DUPLICATE_METHOD_MATCH = YES;
				CODE_SIGN_IDENTITY = "-";
				COPY_PHASE_STRIP = NO;
				DEBUG_INFORMATION_FORMAT = "dwarf-with-dsym";
				ENABLE_NS_ASSERTIONS = NO;
				ENABLE_STRICT_OBJC_MSGSEND = YES;
				GCC_C_LANGUAGE_STANDARD = gnu99;
				GCC_NO_COMMON_BLOCKS = YES;
				GCC_WARN_64_TO_32_BIT_CONVERSION = YES;
				GCC_WARN_ABOUT_RETURN_TYPE = YES_ERROR;
				GCC_WARN_UNDECLARED_SELECTOR = YES;
				GCC_WARN_UNINITIALIZED_AUTOS = YES_AGGRESSIVE;
				GCC_WARN_UNUSED_FUNCTION = YES;
				GCC_WARN_UNUSED_VARIABLE = YES;
				MACOSX_DEPLOYMENT_TARGET = 10.11;
				MTL_ENABLE_DEBUG_INFO = NO;
				SDKROOT = macosx;
			};
			name = Release;
		};
		5835039D1D0A895A004D1483 /* Debug */ = {
			isa = XCBuildConfiguration;
			buildSettings = {
				PRODUCT_NAME = "$(TARGET_NAME)";
			};
			name = Debug;
		};
		5835039E1D0A895A004D1483 /* Release */ = {
			isa = XCBuildConfiguration;
			buildSettings = {
				PRODUCT_NAME = "$(TARGET_NAME)";
			};
			name = Release;
		};
/* End XCBuildConfiguration section */

/* Begin XCConfigurationList section */
		583503901D0A895A004D1483 /* Build configuration list for PBXProject "CS50CaesarCipher" */ = {
			isa = XCConfigurationList;
			buildConfigurations = (
				5835039A1D0A895A004D1483 /* Debug */,
				5835039B1D0A895A004D1483 /* Release */,
			);
			defaultConfigurationIsVisible = 0;
			defaultConfigurationName = Release;
		};
		5835039C1D0A895A004D1483 /* Build configuration list for PBXNativeTarget "CS50CaesarCipher" */ = {
			isa = XCConfigurationList;
			buildConfigurations = (
				5835039D1D0A895A004D1483 /* Debug */,
				5835039E1D0A895A004D1483 /* Release */,
			);
			defaultConfigurationIsVisible = 0;
		};
/* End XCConfigurationList section */
	};
	rootObject = 5835038D1D0A895A004D1483 /* Project object */;
}
