// !$*UTF8*$!
{
	archiveVersion = 1;
	classes = {
	};
	objectVersion = 46;
	objects = {

/* Begin PBXBuildFile section */
		5832A1391D03FC5800C5F353 /* CS50TemperatureConversion.c in Sources */ = {isa = PBXBuildFile; fileRef = 5832A1381D03FC5800C5F353 /* CS50TemperatureConversion.c */; };
		5832A1411D03FC7B00C5F353 /* cs50.c in Sources */ = {isa = PBXBuildFile; fileRef = 5832A1401D03FC7B00C5F353 /* cs50.c */; };
/* End PBXBuildFile section */

/* Begin PBXCopyFilesBuildPhase section */
		5832A1331D03FC5800C5F353 /* CopyFiles */ = {
			isa = PBXCopyFilesBuildPhase;
			buildActionMask = 2147483647;
			dstPath = /usr/share/man/man1/;
			dstSubfolderSpec = 0;
			files = (
			);
			runOnlyForDeploymentPostprocessing = 1;
		};
/* End PBXCopyFilesBuildPhase section */

/* Begin PBXFileReference section */
		5832A1351D03FC5800C5F353 /* CS50TemperatureConversion */ = {isa = PBXFileReference; explicitFileType = "compiled.mach-o.executable"; includeInIndex = 0; path = CS50TemperatureConversion; sourceTree = BUILT_PRODUCTS_DIR; };
		5832A1381D03FC5800C5F353 /* CS50TemperatureConversion.c */ = {isa = PBXFileReference; lastKnownFileType = sourcecode.c.c; path = CS50TemperatureConversion.c; sourceTree = "<group>"; };
		5832A13F1D03FC7B00C5F353 /* cs50.h */ = {isa = PBXFileReference; fileEncoding = 4; lastKnownFileType = sourcecode.c.h; path = cs50.h; sourceTree = "<group>"; };
		5832A1401D03FC7B00C5F353 /* cs50.c */ = {isa = PBXFileReference; fileEncoding = 4; lastKnownFileType = sourcecode.c.c; path = cs50.c; sourceTree = "<group>"; };
/* End PBXFileReference section */

/* Begin PBXFrameworksBuildPhase section */
		5832A1321D03FC5800C5F353 /* Frameworks */ = {
			isa = PBXFrameworksBuildPhase;
			buildActionMask = 2147483647;
			files = (
			);
			runOnlyForDeploymentPostprocessing = 0;
		};
/* End PBXFrameworksBuildPhase section */

/* Begin PBXGroup section */
		5832A12C1D03FC5800C5F353 = {
			isa = PBXGroup;
			children = (
				5832A1371D03FC5800C5F353 /* CS50TemperatureConversion */,
				5832A1361D03FC5800C5F353 /* Products */,
			);
			sourceTree = "<group>";
		};
		5832A1361D03FC5800C5F353 /* Products */ = {
			isa = PBXGroup;
			children = (
				5832A1351D03FC5800C5F353 /* CS50TemperatureConversion */,
			);
			name = Products;
			sourceTree = "<group>";
		};
		5832A1371D03FC5800C5F353 /* CS50TemperatureConversion */ = {
			isa = PBXGroup;
			children = (
				5832A1381D03FC5800C5F353 /* CS50TemperatureConversion.c */,
				5832A13F1D03FC7B00C5F353 /* cs50.h */,
				5832A1401D03FC7B00C5F353 /* cs50.c */,
			);
			path = CS50TemperatureConversion;
			sourceTree = "<group>";
		};
/* End PBXGroup section */

/* Begin PBXNativeTarget section */
		5832A1341D03FC5800C5F353 /* CS50TemperatureConversion */ = {
			isa = PBXNativeTarget;
			buildConfigurationList = 5832A13C1D03FC5800C5F353 /* Build configuration list for PBXNativeTarget "CS50TemperatureConversion" */;
			buildPhases = (
				5832A1311D03FC5800C5F353 /* Sources */,
				5832A1321D03FC5800C5F353 /* Frameworks */,
				5832A1331D03FC5800C5F353 /* CopyFiles */,
			);
			buildRules = (
			);
			dependencies = (
			);
			name = CS50TemperatureConversion;
			productName = CS50TemperatureConversion;
			productReference = 5832A1351D03FC5800C5F353 /* CS50TemperatureConversion */;
			productType = "com.apple.product-type.tool";
		};
/* End PBXNativeTarget section */

/* Begin PBXProject section */
		5832A12D1D03FC5800C5F353 /* Project object */ = {
			isa = PBXProject;
			attributes = {
				LastUpgradeCheck = 0730;
				ORGANIZATIONNAME = "James Dylan Goldstein";
				TargetAttributes = {
					5832A1341D03FC5800C5F353 = {
						CreatedOnToolsVersion = 7.3.1;
					};
				};
			};
			buildConfigurationList = 5832A1301D03FC5800C5F353 /* Build configuration list for PBXProject "CS50TemperatureConversion" */;
			compatibilityVersion = "Xcode 3.2";
			developmentRegion = English;
			hasScannedForEncodings = 0;
			knownRegions = (
				en,
			);
			mainGroup = 5832A12C1D03FC5800C5F353;
			productRefGroup = 5832A1361D03FC5800C5F353 /* Products */;
			projectDirPath = "";
			projectRoot = "";
			targets = (
				5832A1341D03FC5800C5F353 /* CS50TemperatureConversion */,
			);
		};
/* End PBXProject section */

/* Begin PBXSourcesBuildPhase section */
		5832A1311D03FC5800C5F353 /* Sources */ = {
			isa = PBXSourcesBuildPhase;
			buildActionMask = 2147483647;
			files = (
				5832A1411D03FC7B00C5F353 /* cs50.c in Sources */,
				5832A1391D03FC5800C5F353 /* CS50TemperatureConversion.c in Sources */,
			);
			runOnlyForDeploymentPostprocessing = 0;
		};
/* End PBXSourcesBuildPhase section */

/* Begin XCBuildConfiguration section */
		5832A13A1D03FC5800C5F353 /* Debug */ = {
			isa = XCBuildConfiguration;
			buildSettings = {
				ALWAYS_SEARCH_USER_PATHS = NO;
				CLANG_ANALYZER_NONNULL = YES;
				CLANG_CXX_LANGUAGE_STANDARD = "gnu++0x";
				CLANG_CXX_LIBRARY = "libc++";
				CLANG_ENABLE_MODULES = YES;
				CLANG_ENABLE_OBJC_ARC = YES;
				CLANG_WARN_BOOL_CONVERSION = YES;
				CLANG_WARN_CONSTANT_CONVERSION = YES;
				CLANG_WARN_DIRECT_OBJC_ISA_USAGE = YES_ERROR;
				CLANG_WARN_EMPTY_BODY = YES;
				CLANG_WARN_ENUM_CONVERSION = YES;
				CLANG_WARN_INT_CONVERSION = YES;
				CLANG_WARN_OBJC_ROOT_CLASS = YES_ERROR;
				CLANG_WARN_UNREACHABLE_CODE = YES;
				CLANG_WARN__DUPLICATE_METHOD_MATCH = YES;
				CODE_SIGN_IDENTITY = "-";
				COPY_PHASE_STRIP = NO;
				DEBUG_INFORMATION_FORMAT = dwarf;
				ENABLE_STRICT_OBJC_MSGSEND = YES;
				ENABLE_TESTABILITY = YES;
				GCC_C_LANGUAGE_STANDARD = gnu99;
				GCC_DYNAMIC_NO_PIC = NO;
				GCC_NO_COMMON_BLOCKS = YES;
				GCC_OPTIMIZATION_LEVEL = 0;
				GCC_PREPROCESSOR_DEFINITIONS = (
					"DEBUG=1",
					"$(inherited)",
				);
				GCC_WARN_64_TO_32_BIT_CONVERSION = YES;
				GCC_WARN_ABOUT_RETURN_TYPE = YES_ERROR;
				GCC_WARN_UNDECLARED_SELECTOR = YES;
				GCC_WARN_UNINITIALIZED_AUTOS = YES_AGGRESSIVE;
				GCC_WARN_UNUSED_FUNCTION = YES;
				GCC_WARN_UNUSED_VARIABLE = YES;
				MACOSX_DEPLOYMENT_TARGET = 10.11;
				MTL_ENABLE_DEBUG_INFO = YES;
				ONLY_ACTIVE_ARCH = YES;
				SDKROOT = macosx;
			};
			name = Debug;
		};
		5832A13B1D03FC5800C5F353 /* Release */ = {
			isa = XCBuildConfiguration;
			buildSettings = {
				ALWAYS_SEARCH_USER_PATHS = NO;
				CLANG_ANALYZER_NONNULL = YES;
				CLANG_CXX_LANGUAGE_STANDARD = "gnu++0x";
				CLANG_CXX_LIBRARY = "libc++";
				CLANG_ENABLE_MODULES = YES;
				CLANG_ENABLE_OBJC_ARC = YES;
				CLANG_WARN_BOOL_CONVERSION = YES;
				CLANG_WARN_CONSTANT_CONVERSION = YES;
				CLANG_WARN_DIRECT_OBJC_ISA_USAGE = YES_ERROR;
				CLANG_WARN_EMPTY_BODY = YES;
				CLANG_WARN_ENUM_CONVERSION = YES;
				CLANG_WARN_INT_CONVERSION = YES;
				CLANG_WARN_OBJC_ROOT_CLASS = YES_ERROR;
				CLANG_WARN_UNREACHABLE_CODE = YES;
				CLANG_WARN__DUPLICATE_METHOD_MATCH = YES;
				CODE_SIGN_IDENTITY = "-";
				COPY_PHASE_STRIP = NO;
				DEBUG_INFORMATION_FORMAT = "dwarf-with-dsym";
				ENABLE_NS_ASSERTIONS = NO;
				ENABLE_STRICT_OBJC_MSGSEND = YES;
				GCC_C_LANGUAGE_STANDARD = gnu99;
				GCC_NO_COMMON_BLOCKS = YES;
				GCC_WARN_64_TO_32_BIT_CONVERSION = YES;
				GCC_WARN_ABOUT_RETURN_TYPE = YES_ERROR;
				GCC_WARN_UNDECLARED_SELECTOR = YES;
				GCC_WARN_UNINITIALIZED_AUTOS = YES_AGGRESSIVE;
				GCC_WARN_UNUSED_FUNCTION = YES;
				GCC_WARN_UNUSED_VARIABLE = YES;
				MACOSX_DEPLOYMENT_TARGET = 10.11;
				MTL_ENABLE_DEBUG_INFO = NO;
				SDKROOT = macosx;
			};
			name = Release;
		};
		5832A13D1D03FC5800C5F353 /* Debug */ = {
			isa = XCBuildConfiguration;
			buildSettings = {
				PRODUCT_NAME = "$(TARGET_NAME)";
			};
			name = Debug;
		};
		5832A13E1D03FC5800C5F353 /* Release */ = {
			isa = XCBuildConfiguration;
			buildSettings = {
				PRODUCT_NAME = "$(TARGET_NAME)";
			};
			name = Release;
		};
/* End XCBuildConfiguration section */

/* Begin XCConfigurationList section */
		5832A1301D03FC5800C5F353 /* Build configuration list for PBXProject "CS50TemperatureConversion" */ = {
			isa = XCConfigurationList;
			buildConfigurations = (
				5832A13A1D03FC5800C5F353 /* Debug */,
				5832A13B1D03FC5800C5F353 /* Release */,
			);
			defaultConfigurationIsVisible = 0;
			defaultConfigurationName = Release;
		};
		5832A13C1D03FC5800C5F353 /* Build configuration list for PBXNativeTarget "CS50TemperatureConversion" */ = {
			isa = XCConfigurationList;
			buildConfigurations = (
				5832A13D1D03FC5800C5F353 /* Debug */,
				5832A13E1D03FC5800C5F353 /* Release */,
			);
			defaultConfigurationIsVisible = 0;
		};
/* End XCConfigurationList section */
	};
	rootObject = 5832A12D1D03FC5800C5F353 /* Project object */;
}
